
Microsoft Visual Studio Solution File, Format Version 12.00
# Visual Studio 15
VisualStudioVersion = 15.0.27004.2005
MinimumVisualStudioVersion = 10.0.40219.1
Project("{FAE04EC0-301F-11D3-BF4B-00C04F79EFBC}") = "0.09_Arrays", "0.09_Arrays\0.09_Arrays.csproj", "{70102837-1F45-43DC-A482-34D3E0576BD7}"
EndProject
Global
	GlobalSection(SolutionConfigurationPlatforms) = preSolution
		Debug|Any CPU = Debug|Any CPU
		Release|Any CPU = Release|Any CPU
	EndGlobalSection
	GlobalSection(ProjectConfigurationPlatforms) = postSolution
		{70102837-1F45-43DC-A482-34D3E0576BD7}.Debug|Any CPU.ActiveCfg = Debug|Any CPU
		{70102837-1F45-43DC-A482-34D3E0576BD7}.Debug|Any CPU.Build.0 = Debug|Any CPU
		{70102837-1F45-43DC-A482-34D3E0576BD7}.Release|Any CPU.ActiveCfg = Release|Any CPU
		{70102837-1F45-43DC-A482-34D3E0576BD7}.Release|Any CPU.Build.0 = Release|Any CPU
	EndGlobalSection
	GlobalSection(SolutionProperties) = preSolution
		HideSolutionNode = FALSE
	EndGlobalSection
	GlobalSection(ExtensibilityGlobals) = postSolution
		SolutionGuid = {CB3CB2C4-91CD-483F-BF52-026BE2BA19B8}
	EndGlobalSection
EndGlobal
