
Microsoft Visual Studio Solution File, Format Version 12.00
# Visual Studio 15
VisualStudioVersion = 15.0.27004.2005
MinimumVisualStudioVersion = 10.0.40219.1
Project("{FAE04EC0-301F-11D3-BF4B-00C04F79EFBC}") = "Kendrea_Examples", "Kendrea_Examples\Kendrea_Examples.csproj", "{773D4BCC-B13D-4630-ACF8-956C7549A02E}"
EndProject
Global
	GlobalSection(SolutionConfigurationPlatforms) = preSolution
		Debug|Any CPU = Debug|Any CPU
		Release|Any CPU = Release|Any CPU
	EndGlobalSection
	GlobalSection(ProjectConfigurationPlatforms) = postSolution
		{773D4BCC-B13D-4630-ACF8-956C7549A02E}.Debug|Any CPU.ActiveCfg = Debug|Any CPU
		{773D4BCC-B13D-4630-ACF8-956C7549A02E}.Debug|Any CPU.Build.0 = Debug|Any CPU
		{773D4BCC-B13D-4630-ACF8-956C7549A02E}.Release|Any CPU.ActiveCfg = Release|Any CPU
		{773D4BCC-B13D-4630-ACF8-956C7549A02E}.Release|Any CPU.Build.0 = Release|Any CPU
	EndGlobalSection
	GlobalSection(SolutionProperties) = preSolution
		HideSolutionNode = FALSE
	EndGlobalSection
	GlobalSection(ExtensibilityGlobals) = postSolution
		SolutionGuid = {18058EB1-414D-4271-B93F-90C9B0A24535}
	EndGlobalSection
EndGlobal
